// !$*UTF8*$!
{
	archiveVersion = 1;
	classes = {
	};
	objectVersion = 50;
	objects = {

/* Begin PBXBuildFile section */
		3A00FC142157D0E9009CD296 /* Community.storyboard in Resources */ = {isa = PBXBuildFile; fileRef = 3A00FC132157D0E9009CD296 /* Community.storyboard */; };
		3A00FC172157EB96009CD296 /* CommunityVC.swift in Sources */ = {isa = PBXBuildFile; fileRef = 3A00FC162157EB96009CD296 /* CommunityVC.swift */; };
		3A00FC192157EBA5009CD296 /* CommunityViewVC.swift in Sources */ = {isa = PBXBuildFile; fileRef = 3A00FC182157EBA5009CD296 /* CommunityViewVC.swift */; };
		3A00FC1B2157EBB6009CD296 /* CommunityWriteVC.swift in Sources */ = {isa = PBXBuildFile; fileRef = 3A00FC1A2157EBB6009CD296 /* CommunityWriteVC.swift */; };
		3A00FC1D2157EC0C009CD296 /* CommunityTVCell.swift in Sources */ = {isa = PBXBuildFile; fileRef = 3A00FC1C2157EC0C009CD296 /* CommunityTVCell.swift */; };
		3A00FC1F2157EC31009CD296 /* CommunityViewTVCell.swift in Sources */ = {isa = PBXBuildFile; fileRef = 3A00FC1E2157EC31009CD296 /* CommunityViewTVCell.swift */; };
		3A58376F21541FE90074BCA9 /* List.storyboard in Resources */ = {isa = PBXBuildFile; fileRef = 3A58376E21541FE90074BCA9 /* List.storyboard */; };
		3A583772215420DF0074BCA9 /* PayVC.swift in Sources */ = {isa = PBXBuildFile; fileRef = 3A583771215420DF0074BCA9 /* PayVC.swift */; };
		3A5837742154212F0074BCA9 /* MileageTVC.swift in Sources */ = {isa = PBXBuildFile; fileRef = 3A5837732154212F0074BCA9 /* MileageTVC.swift */; };
		3A5837762154214A0074BCA9 /* MoneyTVC.swift in Sources */ = {isa = PBXBuildFile; fileRef = 3A5837752154214A0074BCA9 /* MoneyTVC.swift */; };
		3A583778215421660074BCA9 /* MileageTVCell.swift in Sources */ = {isa = PBXBuildFile; fileRef = 3A583777215421660074BCA9 /* MileageTVCell.swift */; };
		3A58377A2154217C0074BCA9 /* MoneyTVCell.swift in Sources */ = {isa = PBXBuildFile; fileRef = 3A5837792154217C0074BCA9 /* MoneyTVCell.swift */; };
		3A58377D215421A20074BCA9 /* ListVC.swift in Sources */ = {isa = PBXBuildFile; fileRef = 3A58377C215421A20074BCA9 /* ListVC.swift */; };
		3A58377F215421C20074BCA9 /* RequestListTVC.swift in Sources */ = {isa = PBXBuildFile; fileRef = 3A58377E215421C20074BCA9 /* RequestListTVC.swift */; };
		3A583781215422300074BCA9 /* DonationListTVC.swift in Sources */ = {isa = PBXBuildFile; fileRef = 3A583780215422300074BCA9 /* DonationListTVC.swift */; };
		3A583783215422650074BCA9 /* PostListTVC.swift in Sources */ = {isa = PBXBuildFile; fileRef = 3A583782215422650074BCA9 /* PostListTVC.swift */; };
		3A5837852154227E0074BCA9 /* RequestListTVCell.swift in Sources */ = {isa = PBXBuildFile; fileRef = 3A5837842154227E0074BCA9 /* RequestListTVCell.swift */; };
		3A583787215422890074BCA9 /* DonationListTVCell.swift in Sources */ = {isa = PBXBuildFile; fileRef = 3A583786215422890074BCA9 /* DonationListTVCell.swift */; };
		3A583789215422970074BCA9 /* PostListTVCell.swift in Sources */ = {isa = PBXBuildFile; fileRef = 3A583788215422970074BCA9 /* PostListTVCell.swift */; };
		3A58379D21577DA40074BCA9 /* Shop.storyboard in Resources */ = {isa = PBXBuildFile; fileRef = 3A58379C21577DA40074BCA9 /* Shop.storyboard */; };
		3A58379F21577DC70074BCA9 /* ShopCVC.swift in Sources */ = {isa = PBXBuildFile; fileRef = 3A58379E21577DC70074BCA9 /* ShopCVC.swift */; };
		3A5837A221577DEC0074BCA9 /* ShopCVCell.swift in Sources */ = {isa = PBXBuildFile; fileRef = 3A5837A121577DEC0074BCA9 /* ShopCVCell.swift */; };
		3A5837A421577DFA0074BCA9 /* ShopDetailVC.swift in Sources */ = {isa = PBXBuildFile; fileRef = 3A5837A321577DFA0074BCA9 /* ShopDetailVC.swift */; };
		3A97AB3F214C141700507A9F /* PointTVC1.swift in Sources */ = {isa = PBXBuildFile; fileRef = 3A97AB3E214C141700507A9F /* PointTVC1.swift */; };
		3A97AB41214C143200507A9F /* MenuTVC.swift in Sources */ = {isa = PBXBuildFile; fileRef = 3A97AB40214C143200507A9F /* MenuTVC.swift */; };
		3A97AB43214E5F2B00507A9F /* PointTVC2.swift in Sources */ = {isa = PBXBuildFile; fileRef = 3A97AB42214E5F2B00507A9F /* PointTVC2.swift */; };
		3A97AB45214E875500507A9F /* PointHeaderTVC.swift in Sources */ = {isa = PBXBuildFile; fileRef = 3A97AB44214E875500507A9F /* PointHeaderTVC.swift */; };
		3A97AB472151358300507A9F /* HomeAllTVC.swift in Sources */ = {isa = PBXBuildFile; fileRef = 3A97AB462151358300507A9F /* HomeAllTVC.swift */; };
		3A97AB492152683000507A9F /* MyPageTVC.swift in Sources */ = {isa = PBXBuildFile; fileRef = 3A97AB482152683000507A9F /* MyPageTVC.swift */; };
		5023DB382147BB4E00A59B48 /* CircleView.swift in Sources */ = {isa = PBXBuildFile; fileRef = 5023DB372147BB4E00A59B48 /* CircleView.swift */; };
		5023DB3A2147BB6100A59B48 /* WaveView.swift in Sources */ = {isa = PBXBuildFile; fileRef = 5023DB392147BB6100A59B48 /* WaveView.swift */; };
		502A245C2151670300421F9F /* MyPageVC.swift in Sources */ = {isa = PBXBuildFile; fileRef = 502A245B2151670300421F9F /* MyPageVC.swift */; };
		502A245E2151677B00421F9F /* Pay.storyboard in Resources */ = {isa = PBXBuildFile; fileRef = 502A245D2151677B00421F9F /* Pay.storyboard */; };
		502A246121516A7500421F9F /* CardVC.swift in Sources */ = {isa = PBXBuildFile; fileRef = 502A246021516A7500421F9F /* CardVC.swift */; };
		502A246321516AC000421F9F /* ExchangeVC.swift in Sources */ = {isa = PBXBuildFile; fileRef = 502A246221516AC000421F9F /* ExchangeVC.swift */; };
		502A246521516B7400421F9F /* Affiliation.storyboard in Resources */ = {isa = PBXBuildFile; fileRef = 502A246421516B7400421F9F /* Affiliation.storyboard */; };
		502A246821516BB200421F9F /* AffiliationVC.swift in Sources */ = {isa = PBXBuildFile; fileRef = 502A246721516BB200421F9F /* AffiliationVC.swift */; };
		502A246A21516BD100421F9F /* AffiliationDetailVC.swift in Sources */ = {isa = PBXBuildFile; fileRef = 502A246921516BD100421F9F /* AffiliationDetailVC.swift */; };
		5048ED092157C09A007A220C /* FAQVC.swift in Sources */ = {isa = PBXBuildFile; fileRef = 5048ED082157C09A007A220C /* FAQVC.swift */; };
		5048ED0B2157CA12007A220C /* FAQTVC1.swift in Sources */ = {isa = PBXBuildFile; fileRef = 5048ED0A2157CA12007A220C /* FAQTVC1.swift */; };
		5048ED0D2157DC65007A220C /* FAQTVC2.swift in Sources */ = {isa = PBXBuildFile; fileRef = 5048ED0C2157DC65007A220C /* FAQTVC2.swift */; };
		505549EC214BBA8F000D2130 /* LogIn.storyboard in Resources */ = {isa = PBXBuildFile; fileRef = 505549EB214BBA8F000D2130 /* LogIn.storyboard */; };
		505549EE214BC1F3000D2130 /* HomeSub.storyboard in Resources */ = {isa = PBXBuildFile; fileRef = 505549ED214BC1F3000D2130 /* HomeSub.storyboard */; };
		505549F0214BCA5B000D2130 /* HomeDown.storyboard in Resources */ = {isa = PBXBuildFile; fileRef = 505549EF214BCA5B000D2130 /* HomeDown.storyboard */; };
		505549F2214BCB16000D2130 /* BarcodeVC.swift in Sources */ = {isa = PBXBuildFile; fileRef = 505549F1214BCB16000D2130 /* BarcodeVC.swift */; };
		505549F4214BCB23000D2130 /* HomeAllVC.swift in Sources */ = {isa = PBXBuildFile; fileRef = 505549F3214BCB23000D2130 /* HomeAllVC.swift */; };
		505549F6214BCB81000D2130 /* HomeVC.swift in Sources */ = {isa = PBXBuildFile; fileRef = 505549F5214BCB81000D2130 /* HomeVC.swift */; };
		505549F9214BCC98000D2130 /* LoginVC.swift in Sources */ = {isa = PBXBuildFile; fileRef = 505549F8214BCC98000D2130 /* LoginVC.swift */; };
		50B0CAFE21463D9900CDA7C9 /* NotoSansCJKkr-Bold.otf in Resources */ = {isa = PBXBuildFile; fileRef = 50B0CAFD21463D9000CDA7C9 /* NotoSansCJKkr-Bold.otf */; };
		50B0CAFF21463D9900CDA7C9 /* NotoSansCJKkr-Light.otf in Resources */ = {isa = PBXBuildFile; fileRef = 50B0CAFB21463D8F00CDA7C9 /* NotoSansCJKkr-Light.otf */; };
		50B0CB0021463D9900CDA7C9 /* NotoSansCJKkr-Medium.otf in Resources */ = {isa = PBXBuildFile; fileRef = 50B0CAFC21463D8F00CDA7C9 /* NotoSansCJKkr-Medium.otf */; };
		50B0CB0121463D9900CDA7C9 /* NotoSansCJKkr-Regular.otf in Resources */ = {isa = PBXBuildFile; fileRef = 50B0CAFA21463D8E00CDA7C9 /* NotoSansCJKkr-Regular.otf */; };
		50C5E30D2158C2EA00E29C59 /* Donation.storyboard in Resources */ = {isa = PBXBuildFile; fileRef = 50C5E30C2158C2EA00E29C59 /* Donation.storyboard */; };
		50C5E3152158C9D100E29C59 /* DonationVC.swift in Sources */ = {isa = PBXBuildFile; fileRef = 50C5E3142158C9D100E29C59 /* DonationVC.swift */; };
		50C6208A2146D36B0018550B /* HomeDownVC.swift in Sources */ = {isa = PBXBuildFile; fileRef = 50C620892146D36B0018550B /* HomeDownVC.swift */; };
		50C6208C2146D44D0018550B /* HomeUpVC.swift in Sources */ = {isa = PBXBuildFile; fileRef = 50C6208B2146D44D0018550B /* HomeUpVC.swift */; };
		50C6208F2146DD8E0018550B /* CircleGraph.swift in Sources */ = {isa = PBXBuildFile; fileRef = 50C6208E2146DD8E0018550B /* CircleGraph.swift */; };
		50C620912146DD9D0018550B /* WaveGraph.swift in Sources */ = {isa = PBXBuildFile; fileRef = 50C620902146DD9D0018550B /* WaveGraph.swift */; };
		50C620952146E8A10018550B /* Extension.swift in Sources */ = {isa = PBXBuildFile; fileRef = 50C620942146E8A10018550B /* Extension.swift */; };
		50D04849213EA82300380CFE /* AppDelegate.swift in Sources */ = {isa = PBXBuildFile; fileRef = 50D04848213EA82300380CFE /* AppDelegate.swift */; };
		50D0484E213EA82300380CFE /* HomeUp.storyboard in Resources */ = {isa = PBXBuildFile; fileRef = 50D0484C213EA82300380CFE /* HomeUp.storyboard */; };
		50D04850213EA82500380CFE /* Assets.xcassets in Resources */ = {isa = PBXBuildFile; fileRef = 50D0484F213EA82500380CFE /* Assets.xcassets */; };
		50D04853213EA82500380CFE /* LaunchScreen.storyboard in Resources */ = {isa = PBXBuildFile; fileRef = 50D04851213EA82500380CFE /* LaunchScreen.storyboard */; };
		50D470DD2158D482007712CB /* DonationView.swift in Sources */ = {isa = PBXBuildFile; fileRef = 50D470DC2158D482007712CB /* DonationView.swift */; };
		DDC879EB7E4AAE3700B6B66F /* Pods_EcoSeoul.framework in Frameworks */ = {isa = PBXBuildFile; fileRef = 53C11ED57D0D4B1F1E5CC5AC /* Pods_EcoSeoul.framework */; };
/* End PBXBuildFile section */

/* Begin PBXFileReference section */
		3A00FC132157D0E9009CD296 /* Community.storyboard */ = {isa = PBXFileReference; lastKnownFileType = file.storyboard; path = Community.storyboard; sourceTree = "<group>"; };
		3A00FC162157EB96009CD296 /* CommunityVC.swift */ = {isa = PBXFileReference; lastKnownFileType = sourcecode.swift; path = CommunityVC.swift; sourceTree = "<group>"; };
		3A00FC182157EBA5009CD296 /* CommunityViewVC.swift */ = {isa = PBXFileReference; lastKnownFileType = sourcecode.swift; path = CommunityViewVC.swift; sourceTree = "<group>"; };
		3A00FC1A2157EBB6009CD296 /* CommunityWriteVC.swift */ = {isa = PBXFileReference; lastKnownFileType = sourcecode.swift; path = CommunityWriteVC.swift; sourceTree = "<group>"; };
		3A00FC1C2157EC0C009CD296 /* CommunityTVCell.swift */ = {isa = PBXFileReference; lastKnownFileType = sourcecode.swift; path = CommunityTVCell.swift; sourceTree = "<group>"; };
		3A00FC1E2157EC31009CD296 /* CommunityViewTVCell.swift */ = {isa = PBXFileReference; lastKnownFileType = sourcecode.swift; path = CommunityViewTVCell.swift; sourceTree = "<group>"; };
		3A58376E21541FE90074BCA9 /* List.storyboard */ = {isa = PBXFileReference; lastKnownFileType = file.storyboard; path = List.storyboard; sourceTree = "<group>"; };
		3A583771215420DF0074BCA9 /* PayVC.swift */ = {isa = PBXFileReference; lastKnownFileType = sourcecode.swift; path = PayVC.swift; sourceTree = "<group>"; };
		3A5837732154212F0074BCA9 /* MileageTVC.swift */ = {isa = PBXFileReference; lastKnownFileType = sourcecode.swift; path = MileageTVC.swift; sourceTree = "<group>"; };
		3A5837752154214A0074BCA9 /* MoneyTVC.swift */ = {isa = PBXFileReference; lastKnownFileType = sourcecode.swift; path = MoneyTVC.swift; sourceTree = "<group>"; };
		3A583777215421660074BCA9 /* MileageTVCell.swift */ = {isa = PBXFileReference; lastKnownFileType = sourcecode.swift; path = MileageTVCell.swift; sourceTree = "<group>"; };
		3A5837792154217C0074BCA9 /* MoneyTVCell.swift */ = {isa = PBXFileReference; lastKnownFileType = sourcecode.swift; path = MoneyTVCell.swift; sourceTree = "<group>"; };
		3A58377C215421A20074BCA9 /* ListVC.swift */ = {isa = PBXFileReference; lastKnownFileType = sourcecode.swift; path = ListVC.swift; sourceTree = "<group>"; };
		3A58377E215421C20074BCA9 /* RequestListTVC.swift */ = {isa = PBXFileReference; lastKnownFileType = sourcecode.swift; path = RequestListTVC.swift; sourceTree = "<group>"; };
		3A583780215422300074BCA9 /* DonationListTVC.swift */ = {isa = PBXFileReference; lastKnownFileType = sourcecode.swift; path = DonationListTVC.swift; sourceTree = "<group>"; };
		3A583782215422650074BCA9 /* PostListTVC.swift */ = {isa = PBXFileReference; lastKnownFileType = sourcecode.swift; path = PostListTVC.swift; sourceTree = "<group>"; };
		3A5837842154227E0074BCA9 /* RequestListTVCell.swift */ = {isa = PBXFileReference; lastKnownFileType = sourcecode.swift; path = RequestListTVCell.swift; sourceTree = "<group>"; };
		3A583786215422890074BCA9 /* DonationListTVCell.swift */ = {isa = PBXFileReference; lastKnownFileType = sourcecode.swift; path = DonationListTVCell.swift; sourceTree = "<group>"; };
		3A583788215422970074BCA9 /* PostListTVCell.swift */ = {isa = PBXFileReference; lastKnownFileType = sourcecode.swift; path = PostListTVCell.swift; sourceTree = "<group>"; };
		3A58379C21577DA40074BCA9 /* Shop.storyboard */ = {isa = PBXFileReference; lastKnownFileType = file.storyboard; path = Shop.storyboard; sourceTree = "<group>"; };
		3A58379E21577DC70074BCA9 /* ShopCVC.swift */ = {isa = PBXFileReference; lastKnownFileType = sourcecode.swift; path = ShopCVC.swift; sourceTree = "<group>"; };
		3A5837A121577DEC0074BCA9 /* ShopCVCell.swift */ = {isa = PBXFileReference; lastKnownFileType = sourcecode.swift; path = ShopCVCell.swift; sourceTree = "<group>"; };
		3A5837A321577DFA0074BCA9 /* ShopDetailVC.swift */ = {isa = PBXFileReference; lastKnownFileType = sourcecode.swift; path = ShopDetailVC.swift; sourceTree = "<group>"; };
		3A97AB3E214C141700507A9F /* PointTVC1.swift */ = {isa = PBXFileReference; lastKnownFileType = sourcecode.swift; path = PointTVC1.swift; sourceTree = "<group>"; };
		3A97AB40214C143200507A9F /* MenuTVC.swift */ = {isa = PBXFileReference; lastKnownFileType = sourcecode.swift; path = MenuTVC.swift; sourceTree = "<group>"; };
		3A97AB42214E5F2B00507A9F /* PointTVC2.swift */ = {isa = PBXFileReference; lastKnownFileType = sourcecode.swift; path = PointTVC2.swift; sourceTree = "<group>"; };
		3A97AB44214E875500507A9F /* PointHeaderTVC.swift */ = {isa = PBXFileReference; lastKnownFileType = sourcecode.swift; path = PointHeaderTVC.swift; sourceTree = "<group>"; };
		3A97AB462151358300507A9F /* HomeAllTVC.swift */ = {isa = PBXFileReference; lastKnownFileType = sourcecode.swift; path = HomeAllTVC.swift; sourceTree = "<group>"; };
		3A97AB482152683000507A9F /* MyPageTVC.swift */ = {isa = PBXFileReference; lastKnownFileType = sourcecode.swift; path = MyPageTVC.swift; sourceTree = "<group>"; };
		5023DB372147BB4E00A59B48 /* CircleView.swift */ = {isa = PBXFileReference; lastKnownFileType = sourcecode.swift; path = CircleView.swift; sourceTree = "<group>"; };
		5023DB392147BB6100A59B48 /* WaveView.swift */ = {isa = PBXFileReference; lastKnownFileType = sourcecode.swift; path = WaveView.swift; sourceTree = "<group>"; };
		502A245B2151670300421F9F /* MyPageVC.swift */ = {isa = PBXFileReference; lastKnownFileType = sourcecode.swift; path = MyPageVC.swift; sourceTree = "<group>"; };
		502A245D2151677B00421F9F /* Pay.storyboard */ = {isa = PBXFileReference; lastKnownFileType = file.storyboard; path = Pay.storyboard; sourceTree = "<group>"; };
		502A246021516A7500421F9F /* CardVC.swift */ = {isa = PBXFileReference; lastKnownFileType = sourcecode.swift; path = CardVC.swift; sourceTree = "<group>"; };
		502A246221516AC000421F9F /* ExchangeVC.swift */ = {isa = PBXFileReference; lastKnownFileType = sourcecode.swift; path = ExchangeVC.swift; sourceTree = "<group>"; };
		502A246421516B7400421F9F /* Affiliation.storyboard */ = {isa = PBXFileReference; lastKnownFileType = file.storyboard; path = Affiliation.storyboard; sourceTree = "<group>"; };
		502A246721516BB200421F9F /* AffiliationVC.swift */ = {isa = PBXFileReference; lastKnownFileType = sourcecode.swift; path = AffiliationVC.swift; sourceTree = "<group>"; };
		502A246921516BD100421F9F /* AffiliationDetailVC.swift */ = {isa = PBXFileReference; lastKnownFileType = sourcecode.swift; path = AffiliationDetailVC.swift; sourceTree = "<group>"; };
		5048ED082157C09A007A220C /* FAQVC.swift */ = {isa = PBXFileReference; lastKnownFileType = sourcecode.swift; path = FAQVC.swift; sourceTree = "<group>"; };
		5048ED0A2157CA12007A220C /* FAQTVC1.swift */ = {isa = PBXFileReference; lastKnownFileType = sourcecode.swift; path = FAQTVC1.swift; sourceTree = "<group>"; };
		5048ED0C2157DC65007A220C /* FAQTVC2.swift */ = {isa = PBXFileReference; lastKnownFileType = sourcecode.swift; path = FAQTVC2.swift; sourceTree = "<group>"; };
		505549EB214BBA8F000D2130 /* LogIn.storyboard */ = {isa = PBXFileReference; lastKnownFileType = file.storyboard; path = LogIn.storyboard; sourceTree = "<group>"; };
		505549ED214BC1F3000D2130 /* HomeSub.storyboard */ = {isa = PBXFileReference; lastKnownFileType = file.storyboard; path = HomeSub.storyboard; sourceTree = "<group>"; };
		505549EF214BCA5B000D2130 /* HomeDown.storyboard */ = {isa = PBXFileReference; lastKnownFileType = file.storyboard; path = HomeDown.storyboard; sourceTree = "<group>"; };
		505549F1214BCB16000D2130 /* BarcodeVC.swift */ = {isa = PBXFileReference; lastKnownFileType = sourcecode.swift; path = BarcodeVC.swift; sourceTree = "<group>"; };
		505549F3214BCB23000D2130 /* HomeAllVC.swift */ = {isa = PBXFileReference; lastKnownFileType = sourcecode.swift; path = HomeAllVC.swift; sourceTree = "<group>"; };
		505549F5214BCB81000D2130 /* HomeVC.swift */ = {isa = PBXFileReference; lastKnownFileType = sourcecode.swift; path = HomeVC.swift; sourceTree = "<group>"; };
		505549F8214BCC98000D2130 /* LoginVC.swift */ = {isa = PBXFileReference; lastKnownFileType = sourcecode.swift; path = LoginVC.swift; sourceTree = "<group>"; };
		50B0CAFA21463D8E00CDA7C9 /* NotoSansCJKkr-Regular.otf */ = {isa = PBXFileReference; lastKnownFileType = file; path = "NotoSansCJKkr-Regular.otf"; sourceTree = "<group>"; };
		50B0CAFB21463D8F00CDA7C9 /* NotoSansCJKkr-Light.otf */ = {isa = PBXFileReference; lastKnownFileType = file; path = "NotoSansCJKkr-Light.otf"; sourceTree = "<group>"; };
		50B0CAFC21463D8F00CDA7C9 /* NotoSansCJKkr-Medium.otf */ = {isa = PBXFileReference; lastKnownFileType = file; path = "NotoSansCJKkr-Medium.otf"; sourceTree = "<group>"; };
		50B0CAFD21463D9000CDA7C9 /* NotoSansCJKkr-Bold.otf */ = {isa = PBXFileReference; lastKnownFileType = file; path = "NotoSansCJKkr-Bold.otf"; sourceTree = "<group>"; };
		50C5E30C2158C2EA00E29C59 /* Donation.storyboard */ = {isa = PBXFileReference; fileEncoding = 4; lastKnownFileType = file.storyboard; path = Donation.storyboard; sourceTree = "<group>"; };
		50C5E3142158C9D100E29C59 /* DonationVC.swift */ = {isa = PBXFileReference; lastKnownFileType = sourcecode.swift; path = DonationVC.swift; sourceTree = "<group>"; };
		50C620892146D36B0018550B /* HomeDownVC.swift */ = {isa = PBXFileReference; lastKnownFileType = sourcecode.swift; path = HomeDownVC.swift; sourceTree = "<group>"; };
		50C6208B2146D44D0018550B /* HomeUpVC.swift */ = {isa = PBXFileReference; lastKnownFileType = sourcecode.swift; path = HomeUpVC.swift; sourceTree = "<group>"; };
		50C6208E2146DD8E0018550B /* CircleGraph.swift */ = {isa = PBXFileReference; lastKnownFileType = sourcecode.swift; path = CircleGraph.swift; sourceTree = "<group>"; };
		50C620902146DD9D0018550B /* WaveGraph.swift */ = {isa = PBXFileReference; lastKnownFileType = sourcecode.swift; path = WaveGraph.swift; sourceTree = "<group>"; };
		50C620942146E8A10018550B /* Extension.swift */ = {isa = PBXFileReference; lastKnownFileType = sourcecode.swift; path = Extension.swift; sourceTree = "<group>"; };
		50D04845213EA82300380CFE /* EcoSeoul.app */ = {isa = PBXFileReference; explicitFileType = wrapper.application; includeInIndex = 0; path = EcoSeoul.app; sourceTree = BUILT_PRODUCTS_DIR; };
		50D04848213EA82300380CFE /* AppDelegate.swift */ = {isa = PBXFileReference; lastKnownFileType = sourcecode.swift; path = AppDelegate.swift; sourceTree = "<group>"; };
		50D0484D213EA82300380CFE /* Base */ = {isa = PBXFileReference; lastKnownFileType = file.storyboard; name = Base; path = Base.lproj/HomeUp.storyboard; sourceTree = "<group>"; };
		50D0484F213EA82500380CFE /* Assets.xcassets */ = {isa = PBXFileReference; lastKnownFileType = folder.assetcatalog; path = Assets.xcassets; sourceTree = "<group>"; };
		50D04852213EA82500380CFE /* Base */ = {isa = PBXFileReference; lastKnownFileType = file.storyboard; name = Base; path = Base.lproj/LaunchScreen.storyboard; sourceTree = "<group>"; };
		50D04854213EA82500380CFE /* Info.plist */ = {isa = PBXFileReference; lastKnownFileType = text.plist.xml; path = Info.plist; sourceTree = "<group>"; };
		50D470DC2158D482007712CB /* DonationView.swift */ = {isa = PBXFileReference; lastKnownFileType = sourcecode.swift; path = DonationView.swift; sourceTree = "<group>"; };
		53C11ED57D0D4B1F1E5CC5AC /* Pods_EcoSeoul.framework */ = {isa = PBXFileReference; explicitFileType = wrapper.framework; includeInIndex = 0; path = Pods_EcoSeoul.framework; sourceTree = BUILT_PRODUCTS_DIR; };
		CC25BC8BF5B845E45453C3AE /* Pods-EcoSeoul.debug.xcconfig */ = {isa = PBXFileReference; includeInIndex = 1; lastKnownFileType = text.xcconfig; name = "Pods-EcoSeoul.debug.xcconfig"; path = "Pods/Target Support Files/Pods-EcoSeoul/Pods-EcoSeoul.debug.xcconfig"; sourceTree = "<group>"; };
		EA8101C0A24BADA8B98BC9D1 /* Pods-EcoSeoul.release.xcconfig */ = {isa = PBXFileReference; includeInIndex = 1; lastKnownFileType = text.xcconfig; name = "Pods-EcoSeoul.release.xcconfig"; path = "Pods/Target Support Files/Pods-EcoSeoul/Pods-EcoSeoul.release.xcconfig"; sourceTree = "<group>"; };
/* End PBXFileReference section */

/* Begin PBXFrameworksBuildPhase section */
		50D04842213EA82300380CFE /* Frameworks */ = {
			isa = PBXFrameworksBuildPhase;
			buildActionMask = 2147483647;
			files = (
				DDC879EB7E4AAE3700B6B66F /* Pods_EcoSeoul.framework in Frameworks */,
			);
			runOnlyForDeploymentPostprocessing = 0;
		};
/* End PBXFrameworksBuildPhase section */

/* Begin PBXGroup section */
		3A00FC152157EB6D009CD296 /* Community */ = {
			isa = PBXGroup;
			children = (
				3A00FC162157EB96009CD296 /* CommunityVC.swift */,
				3A00FC1C2157EC0C009CD296 /* CommunityTVCell.swift */,
				3A00FC182157EBA5009CD296 /* CommunityViewVC.swift */,
				3A00FC1E2157EC31009CD296 /* CommunityViewTVCell.swift */,
				3A00FC1A2157EBB6009CD296 /* CommunityWriteVC.swift */,
			);
			path = Community;
			sourceTree = "<group>";
		};
		3A583770215420C20074BCA9 /* PayTabBar */ = {
			isa = PBXGroup;
			children = (
				3A583771215420DF0074BCA9 /* PayVC.swift */,
				3A5837732154212F0074BCA9 /* MileageTVC.swift */,
				3A583777215421660074BCA9 /* MileageTVCell.swift */,
				3A5837752154214A0074BCA9 /* MoneyTVC.swift */,
				3A5837792154217C0074BCA9 /* MoneyTVCell.swift */,
			);
			path = PayTabBar;
			sourceTree = "<group>";
		};
		3A58377B215421880074BCA9 /* List */ = {
			isa = PBXGroup;
			children = (
				5048ED082157C09A007A220C /* FAQVC.swift */,
				5048ED0A2157CA12007A220C /* FAQTVC1.swift */,
				5048ED0C2157DC65007A220C /* FAQTVC2.swift */,
				50D8889E215814F7006524B5 /* ListTabBar */,
			);
			path = List;
			sourceTree = "<group>";
		};
		3A5837A021577DCD0074BCA9 /* Shop */ = {
			isa = PBXGroup;
			children = (
				3A58379E21577DC70074BCA9 /* ShopCVC.swift */,
				3A5837A121577DEC0074BCA9 /* ShopCVCell.swift */,
				3A5837A321577DFA0074BCA9 /* ShopDetailVC.swift */,
			);
			path = Shop;
			sourceTree = "<group>";
		};
		502A245F21516A4A00421F9F /* Pay */ = {
			isa = PBXGroup;
			children = (
				502A246021516A7500421F9F /* CardVC.swift */,
				502A246221516AC000421F9F /* ExchangeVC.swift */,
				3A583770215420C20074BCA9 /* PayTabBar */,
			);
			path = Pay;
			sourceTree = "<group>";
		};
		502A246621516B9A00421F9F /* Affiliation */ = {
			isa = PBXGroup;
			children = (
				502A246721516BB200421F9F /* AffiliationVC.swift */,
				502A246921516BD100421F9F /* AffiliationDetailVC.swift */,
			);
			path = Affiliation;
			sourceTree = "<group>";
		};
		505549F7214BCBBD000D2130 /* HomeSub */ = {
			isa = PBXGroup;
			children = (
				505549F1214BCB16000D2130 /* BarcodeVC.swift */,
				505549F3214BCB23000D2130 /* HomeAllVC.swift */,
				3A97AB462151358300507A9F /* HomeAllTVC.swift */,
				502A245B2151670300421F9F /* MyPageVC.swift */,
				3A97AB482152683000507A9F /* MyPageTVC.swift */,
			);
			path = HomeSub;
			sourceTree = "<group>";
		};
		505549FA214BCF11000D2130 /* Login */ = {
			isa = PBXGroup;
			children = (
				505549F8214BCC98000D2130 /* LoginVC.swift */,
			);
			path = Login;
			sourceTree = "<group>";
		};
		508BC665213F845B00486A89 /* Storyboard */ = {
			isa = PBXGroup;
			children = (
				50D04851213EA82500380CFE /* LaunchScreen.storyboard */,
				505549EB214BBA8F000D2130 /* LogIn.storyboard */,
				50D0484C213EA82300380CFE /* HomeUp.storyboard */,
				505549EF214BCA5B000D2130 /* HomeDown.storyboard */,
				505549ED214BC1F3000D2130 /* HomeSub.storyboard */,
				502A246421516B7400421F9F /* Affiliation.storyboard */,
				3A58379C21577DA40074BCA9 /* Shop.storyboard */,
				50C5E30C2158C2EA00E29C59 /* Donation.storyboard */,
				3A00FC132157D0E9009CD296 /* Community.storyboard */,
				502A245D2151677B00421F9F /* Pay.storyboard */,
				3A58376E21541FE90074BCA9 /* List.storyboard */,
			);
			path = Storyboard;
			sourceTree = "<group>";
		};
		50C5E3132158C97800E29C59 /* Donation */ = {
			isa = PBXGroup;
			children = (
				50C5E3142158C9D100E29C59 /* DonationVC.swift */,
				50D470DC2158D482007712CB /* DonationView.swift */,
			);
			path = Donation;
			sourceTree = "<group>";
		};
		50C6208D2146DD660018550B /* HomeUp */ = {
			isa = PBXGroup;
			children = (
				50C6208B2146D44D0018550B /* HomeUpVC.swift */,
				5023DB372147BB4E00A59B48 /* CircleView.swift */,
				50C6208E2146DD8E0018550B /* CircleGraph.swift */,
				5023DB392147BB6100A59B48 /* WaveView.swift */,
				50C620902146DD9D0018550B /* WaveGraph.swift */,
			);
			path = HomeUp;
			sourceTree = "<group>";
		};
		50C620922146DE0A0018550B /* HomeDown */ = {
			isa = PBXGroup;
			children = (
				50C620892146D36B0018550B /* HomeDownVC.swift */,
				3A97AB44214E875500507A9F /* PointHeaderTVC.swift */,
				3A97AB3E214C141700507A9F /* PointTVC1.swift */,
				3A97AB42214E5F2B00507A9F /* PointTVC2.swift */,
				3A97AB40214C143200507A9F /* MenuTVC.swift */,
			);
			path = HomeDown;
			sourceTree = "<group>";
		};
		50C620932146DE4C0018550B /* Home */ = {
			isa = PBXGroup;
			children = (
				505549F5214BCB81000D2130 /* HomeVC.swift */,
				50C6208D2146DD660018550B /* HomeUp */,
				50C620922146DE0A0018550B /* HomeDown */,
				505549F7214BCBBD000D2130 /* HomeSub */,
			);
			path = Home;
			sourceTree = "<group>";
		};
		50D0483C213EA82300380CFE = {
			isa = PBXGroup;
			children = (
				50D04847213EA82300380CFE /* EcoSeoul */,
				50D04846213EA82300380CFE /* Products */,
				9E22B91FC8E8D910DD8E5BFE /* Pods */,
				BC4E14B604FA333A901BBF05 /* Frameworks */,
			);
			sourceTree = "<group>";
		};
		50D04846213EA82300380CFE /* Products */ = {
			isa = PBXGroup;
			children = (
				50D04845213EA82300380CFE /* EcoSeoul.app */,
			);
			name = Products;
			sourceTree = "<group>";
		};
		50D04847213EA82300380CFE /* EcoSeoul */ = {
			isa = PBXGroup;
			children = (
				50D04848213EA82300380CFE /* AppDelegate.swift */,
				508BC665213F845B00486A89 /* Storyboard */,
				505549FA214BCF11000D2130 /* Login */,
				50C620932146DE4C0018550B /* Home */,
				502A246621516B9A00421F9F /* Affiliation */,
				3A5837A021577DCD0074BCA9 /* Shop */,
				50C5E3132158C97800E29C59 /* Donation */,
				3A00FC152157EB6D009CD296 /* Community */,
				502A245F21516A4A00421F9F /* Pay */,
				3A58377B215421880074BCA9 /* List */,
				50D0485A213EECBF00380CFE /* Resources */,
				50C620942146E8A10018550B /* Extension.swift */,
			);
			path = EcoSeoul;
			sourceTree = "<group>";
		};
		50D0485A213EECBF00380CFE /* Resources */ = {
			isa = PBXGroup;
			children = (
				50D0484F213EA82500380CFE /* Assets.xcassets */,
				50D04854213EA82500380CFE /* Info.plist */,
				50B0CAFD21463D9000CDA7C9 /* NotoSansCJKkr-Bold.otf */,
				50B0CAFB21463D8F00CDA7C9 /* NotoSansCJKkr-Light.otf */,
				50B0CAFC21463D8F00CDA7C9 /* NotoSansCJKkr-Medium.otf */,
				50B0CAFA21463D8E00CDA7C9 /* NotoSansCJKkr-Regular.otf */,
			);
			path = Resources;
			sourceTree = "<group>";
		};
		50D8889E215814F7006524B5 /* ListTabBar */ = {
			isa = PBXGroup;
			children = (
				3A58377C215421A20074BCA9 /* ListVC.swift */,
				3A58377E215421C20074BCA9 /* RequestListTVC.swift */,
				3A5837842154227E0074BCA9 /* RequestListTVCell.swift */,
				3A583780215422300074BCA9 /* DonationListTVC.swift */,
				3A583786215422890074BCA9 /* DonationListTVCell.swift */,
				3A583782215422650074BCA9 /* PostListTVC.swift */,
				3A583788215422970074BCA9 /* PostListTVCell.swift */,
			);
			path = ListTabBar;
			sourceTree = "<group>";
		};
		9E22B91FC8E8D910DD8E5BFE /* Pods */ = {
			isa = PBXGroup;
			children = (
				CC25BC8BF5B845E45453C3AE /* Pods-EcoSeoul.debug.xcconfig */,
				EA8101C0A24BADA8B98BC9D1 /* Pods-EcoSeoul.release.xcconfig */,
			);
			name = Pods;
			sourceTree = "<group>";
		};
		BC4E14B604FA333A901BBF05 /* Frameworks */ = {
			isa = PBXGroup;
			children = (
				53C11ED57D0D4B1F1E5CC5AC /* Pods_EcoSeoul.framework */,
			);
			name = Frameworks;
			sourceTree = "<group>";
		};
/* End PBXGroup section */

/* Begin PBXNativeTarget section */
		50D04844213EA82300380CFE /* EcoSeoul */ = {
			isa = PBXNativeTarget;
			buildConfigurationList = 50D04857213EA82500380CFE /* Build configuration list for PBXNativeTarget "EcoSeoul" */;
			buildPhases = (
				C30684CE460E5B5421B1F3D0 /* [CP] Check Pods Manifest.lock */,
				50D04841213EA82300380CFE /* Sources */,
				50D04842213EA82300380CFE /* Frameworks */,
				50D04843213EA82300380CFE /* Resources */,
				F0014A14891AD35CDF673F0B /* [CP] Embed Pods Frameworks */,
				AC0709E16A35E34DB22E8D4B /* [CP] Copy Pods Resources */,
			);
			buildRules = (
			);
			dependencies = (
			);
			name = EcoSeoul;
			productName = EcoSeoul;
			productReference = 50D04845213EA82300380CFE /* EcoSeoul.app */;
			productType = "com.apple.product-type.application";
		};
/* End PBXNativeTarget section */

/* Begin PBXProject section */
		50D0483D213EA82300380CFE /* Project object */ = {
			isa = PBXProject;
			attributes = {
				LastSwiftUpdateCheck = 0940;
				LastUpgradeCheck = 0940;
				ORGANIZATIONNAME = GGOMMI;
				TargetAttributes = {
					50D04844213EA82300380CFE = {
						CreatedOnToolsVersion = 9.4.1;
					};
				};
			};
			buildConfigurationList = 50D04840213EA82300380CFE /* Build configuration list for PBXProject "EcoSeoul" */;
			compatibilityVersion = "Xcode 9.3";
			developmentRegion = en;
			hasScannedForEncodings = 0;
			knownRegions = (
				en,
				Base,
			);
			mainGroup = 50D0483C213EA82300380CFE;
			productRefGroup = 50D04846213EA82300380CFE /* Products */;
			projectDirPath = "";
			projectRoot = "";
			targets = (
				50D04844213EA82300380CFE /* EcoSeoul */,
			);
		};
/* End PBXProject section */

/* Begin PBXResourcesBuildPhase section */
		50D04843213EA82300380CFE /* Resources */ = {
			isa = PBXResourcesBuildPhase;
			buildActionMask = 2147483647;
			files = (
				505549EC214BBA8F000D2130 /* LogIn.storyboard in Resources */,
				50C5E30D2158C2EA00E29C59 /* Donation.storyboard in Resources */,
				50D04853213EA82500380CFE /* LaunchScreen.storyboard in Resources */,
				502A246521516B7400421F9F /* Affiliation.storyboard in Resources */,
				3A00FC142157D0E9009CD296 /* Community.storyboard in Resources */,
				3A58376F21541FE90074BCA9 /* List.storyboard in Resources */,
				3A58379D21577DA40074BCA9 /* Shop.storyboard in Resources */,
				50D0484E213EA82300380CFE /* HomeUp.storyboard in Resources */,
				50D04850213EA82500380CFE /* Assets.xcassets in Resources */,
				50B0CAFF21463D9900CDA7C9 /* NotoSansCJKkr-Light.otf in Resources */,
				50B0CB0121463D9900CDA7C9 /* NotoSansCJKkr-Regular.otf in Resources */,
				502A245E2151677B00421F9F /* Pay.storyboard in Resources */,
				505549EE214BC1F3000D2130 /* HomeSub.storyboard in Resources */,
				50B0CAFE21463D9900CDA7C9 /* NotoSansCJKkr-Bold.otf in Resources */,
				50B0CB0021463D9900CDA7C9 /* NotoSansCJKkr-Medium.otf in Resources */,
				505549F0214BCA5B000D2130 /* HomeDown.storyboard in Resources */,
			);
			runOnlyForDeploymentPostprocessing = 0;
		};
/* End PBXResourcesBuildPhase section */

/* Begin PBXShellScriptBuildPhase section */
		AC0709E16A35E34DB22E8D4B /* [CP] Copy Pods Resources */ = {
			isa = PBXShellScriptBuildPhase;
			buildActionMask = 2147483647;
			files = (
			);
			inputPaths = (
				"${SRCROOT}/Pods/Target Support Files/Pods-EcoSeoul/Pods-EcoSeoul-resources.sh",
				"${PODS_ROOT}/GoogleMaps/Maps/Frameworks/GoogleMaps.framework/Resources/GoogleMaps.bundle",
				"${PODS_ROOT}/GooglePlaces/Frameworks/GooglePlaces.framework/Resources/GooglePlaces.bundle",
			);
			name = "[CP] Copy Pods Resources";
			outputPaths = (
				"${TARGET_BUILD_DIR}/${UNLOCALIZED_RESOURCES_FOLDER_PATH}/GoogleMaps.bundle",
				"${TARGET_BUILD_DIR}/${UNLOCALIZED_RESOURCES_FOLDER_PATH}/GooglePlaces.bundle",
			);
			runOnlyForDeploymentPostprocessing = 0;
			shellPath = /bin/sh;
			shellScript = "\"${SRCROOT}/Pods/Target Support Files/Pods-EcoSeoul/Pods-EcoSeoul-resources.sh\"\n";
			showEnvVarsInLog = 0;
		};
		C30684CE460E5B5421B1F3D0 /* [CP] Check Pods Manifest.lock */ = {
			isa = PBXShellScriptBuildPhase;
			buildActionMask = 2147483647;
			files = (
			);
			inputPaths = (
				"${PODS_PODFILE_DIR_PATH}/Podfile.lock",
				"${PODS_ROOT}/Manifest.lock",
			);
			name = "[CP] Check Pods Manifest.lock";
			outputPaths = (
				"$(DERIVED_FILE_DIR)/Pods-EcoSeoul-checkManifestLockResult.txt",
			);
			runOnlyForDeploymentPostprocessing = 0;
			shellPath = /bin/sh;
			shellScript = "diff \"${PODS_PODFILE_DIR_PATH}/Podfile.lock\" \"${PODS_ROOT}/Manifest.lock\" > /dev/null\nif [ $? != 0 ] ; then\n    # print error to STDERR\n    echo \"error: The sandbox is not in sync with the Podfile.lock. Run 'pod install' or update your CocoaPods installation.\" >&2\n    exit 1\nfi\n# This output is used by Xcode 'outputs' to avoid re-running this script phase.\necho \"SUCCESS\" > \"${SCRIPT_OUTPUT_FILE_0}\"\n";
			showEnvVarsInLog = 0;
		};
		F0014A14891AD35CDF673F0B /* [CP] Embed Pods Frameworks */ = {
			isa = PBXShellScriptBuildPhase;
			buildActionMask = 2147483647;
			files = (
			);
			inputPaths = (
				"${SRCROOT}/Pods/Target Support Files/Pods-EcoSeoul/Pods-EcoSeoul-frameworks.sh",
				"${BUILT_PRODUCTS_DIR}/Alamofire/Alamofire.framework",
				"${BUILT_PRODUCTS_DIR}/SwiftyJSON/SwiftyJSON.framework",
				"${BUILT_PRODUCTS_DIR}/XLPagerTabStrip/XLPagerTabStrip.framework",
			);
			name = "[CP] Embed Pods Frameworks";
			outputPaths = (
				"${TARGET_BUILD_DIR}/${FRAMEWORKS_FOLDER_PATH}/Alamofire.framework",
				"${TARGET_BUILD_DIR}/${FRAMEWORKS_FOLDER_PATH}/SwiftyJSON.framework",
				"${TARGET_BUILD_DIR}/${FRAMEWORKS_FOLDER_PATH}/XLPagerTabStrip.framework",
			);
			runOnlyForDeploymentPostprocessing = 0;
			shellPath = /bin/sh;
			shellScript = "\"${SRCROOT}/Pods/Target Support Files/Pods-EcoSeoul/Pods-EcoSeoul-frameworks.sh\"\n";
			showEnvVarsInLog = 0;
		};
/* End PBXShellScriptBuildPhase section */

/* Begin PBXSourcesBuildPhase section */
		50D04841213EA82300380CFE /* Sources */ = {
			isa = PBXSourcesBuildPhase;
			buildActionMask = 2147483647;
			files = (
				5023DB3A2147BB6100A59B48 /* WaveView.swift in Sources */,
				3A583787215422890074BCA9 /* DonationListTVCell.swift in Sources */,
				3A97AB472151358300507A9F /* HomeAllTVC.swift in Sources */,
				5048ED092157C09A007A220C /* FAQVC.swift in Sources */,
				50C6208C2146D44D0018550B /* HomeUpVC.swift in Sources */,
				3A97AB492152683000507A9F /* MyPageTVC.swift in Sources */,
				502A246321516AC000421F9F /* ExchangeVC.swift in Sources */,
				3A58379F21577DC70074BCA9 /* ShopCVC.swift in Sources */,
				505549F9214BCC98000D2130 /* LoginVC.swift in Sources */,
				505549F4214BCB23000D2130 /* HomeAllVC.swift in Sources */,
				3A00FC1D2157EC0C009CD296 /* CommunityTVCell.swift in Sources */,
				502A246A21516BD100421F9F /* AffiliationDetailVC.swift in Sources */,
				3A5837852154227E0074BCA9 /* RequestListTVCell.swift in Sources */,
				5023DB382147BB4E00A59B48 /* CircleView.swift in Sources */,
				5048ED0B2157CA12007A220C /* FAQTVC1.swift in Sources */,
				5048ED0D2157DC65007A220C /* FAQTVC2.swift in Sources */,
				50C6208A2146D36B0018550B /* HomeDownVC.swift in Sources */,
				3A58377A2154217C0074BCA9 /* MoneyTVCell.swift in Sources */,
				502A246821516BB200421F9F /* AffiliationVC.swift in Sources */,
				50C620952146E8A10018550B /* Extension.swift in Sources */,
				3A97AB43214E5F2B00507A9F /* PointTVC2.swift in Sources */,
				50C6208F2146DD8E0018550B /* CircleGraph.swift in Sources */,
				3A583781215422300074BCA9 /* DonationListTVC.swift in Sources */,
				3A5837742154212F0074BCA9 /* MileageTVC.swift in Sources */,
				3A97AB3F214C141700507A9F /* PointTVC1.swift in Sources */,
				3A00FC1F2157EC31009CD296 /* CommunityViewTVCell.swift in Sources */,
				3A00FC172157EB96009CD296 /* CommunityVC.swift in Sources */,
				3A58377F215421C20074BCA9 /* RequestListTVC.swift in Sources */,
				3A58377D215421A20074BCA9 /* ListVC.swift in Sources */,
				50D04849213EA82300380CFE /* AppDelegate.swift in Sources */,
				3A00FC192157EBA5009CD296 /* CommunityViewVC.swift in Sources */,
				502A246121516A7500421F9F /* CardVC.swift in Sources */,
				3A583772215420DF0074BCA9 /* PayVC.swift in Sources */,
				505549F2214BCB16000D2130 /* BarcodeVC.swift in Sources */,
				502A245C2151670300421F9F /* MyPageVC.swift in Sources */,
				3A00FC1B2157EBB6009CD296 /* CommunityWriteVC.swift in Sources */,
				50D470DD2158D482007712CB /* DonationView.swift in Sources */,
				3A5837A221577DEC0074BCA9 /* ShopCVCell.swift in Sources */,
				3A583789215422970074BCA9 /* PostListTVCell.swift in Sources */,
				3A583778215421660074BCA9 /* MileageTVCell.swift in Sources */,
				505549F6214BCB81000D2130 /* HomeVC.swift in Sources */,
				3A583783215422650074BCA9 /* PostListTVC.swift in Sources */,
				3A5837762154214A0074BCA9 /* MoneyTVC.swift in Sources */,
				3A97AB41214C143200507A9F /* MenuTVC.swift in Sources */,
				50C620912146DD9D0018550B /* WaveGraph.swift in Sources */,
				50C5E3152158C9D100E29C59 /* DonationVC.swift in Sources */,
				3A97AB45214E875500507A9F /* PointHeaderTVC.swift in Sources */,
				3A5837A421577DFA0074BCA9 /* ShopDetailVC.swift in Sources */,
			);
			runOnlyForDeploymentPostprocessing = 0;
		};
/* End PBXSourcesBuildPhase section */

/* Begin PBXVariantGroup section */
		50D0484C213EA82300380CFE /* HomeUp.storyboard */ = {
			isa = PBXVariantGroup;
			children = (
				50D0484D213EA82300380CFE /* Base */,
			);
			name = HomeUp.storyboard;
			sourceTree = "<group>";
		};
		50D04851213EA82500380CFE /* LaunchScreen.storyboard */ = {
			isa = PBXVariantGroup;
			children = (
				50D04852213EA82500380CFE /* Base */,
			);
			name = LaunchScreen.storyboard;
			sourceTree = "<group>";
		};
/* End PBXVariantGroup section */

/* Begin XCBuildConfiguration section */
		50D04855213EA82500380CFE /* Debug */ = {
			isa = XCBuildConfiguration;
			buildSettings = {
				ALWAYS_SEARCH_USER_PATHS = NO;
				CLANG_ANALYZER_NONNULL = YES;
				CLANG_ANALYZER_NUMBER_OBJECT_CONVERSION = YES_AGGRESSIVE;
				CLANG_CXX_LANGUAGE_STANDARD = "gnu++14";
				CLANG_CXX_LIBRARY = "libc++";
				CLANG_ENABLE_MODULES = YES;
				CLANG_ENABLE_OBJC_ARC = YES;
				CLANG_ENABLE_OBJC_WEAK = YES;
				CLANG_WARN_BLOCK_CAPTURE_AUTORELEASING = YES;
				CLANG_WARN_BOOL_CONVERSION = YES;
				CLANG_WARN_COMMA = YES;
				CLANG_WARN_CONSTANT_CONVERSION = YES;
				CLANG_WARN_DEPRECATED_OBJC_IMPLEMENTATIONS = YES;
				CLANG_WARN_DIRECT_OBJC_ISA_USAGE = YES_ERROR;
				CLANG_WARN_DOCUMENTATION_COMMENTS = YES;
				CLANG_WARN_EMPTY_BODY = YES;
				CLANG_WARN_ENUM_CONVERSION = YES;
				CLANG_WARN_INFINITE_RECURSION = YES;
				CLANG_WARN_INT_CONVERSION = YES;
				CLANG_WARN_NON_LITERAL_NULL_CONVERSION = YES;
				CLANG_WARN_OBJC_IMPLICIT_RETAIN_SELF = YES;
				CLANG_WARN_OBJC_LITERAL_CONVERSION = YES;
				CLANG_WARN_OBJC_ROOT_CLASS = YES_ERROR;
				CLANG_WARN_RANGE_LOOP_ANALYSIS = YES;
				CLANG_WARN_STRICT_PROTOTYPES = YES;
				CLANG_WARN_SUSPICIOUS_MOVE = YES;
				CLANG_WARN_UNGUARDED_AVAILABILITY = YES_AGGRESSIVE;
				CLANG_WARN_UNREACHABLE_CODE = YES;
				CLANG_WARN__DUPLICATE_METHOD_MATCH = YES;
				CODE_SIGN_IDENTITY = "iPhone Developer";
				COPY_PHASE_STRIP = NO;
				DEBUG_INFORMATION_FORMAT = dwarf;
				ENABLE_STRICT_OBJC_MSGSEND = YES;
				ENABLE_TESTABILITY = YES;
				GCC_C_LANGUAGE_STANDARD = gnu11;
				GCC_DYNAMIC_NO_PIC = NO;
				GCC_NO_COMMON_BLOCKS = YES;
				GCC_OPTIMIZATION_LEVEL = 0;
				GCC_PREPROCESSOR_DEFINITIONS = (
					"DEBUG=1",
					"$(inherited)",
				);
				GCC_WARN_64_TO_32_BIT_CONVERSION = YES;
				GCC_WARN_ABOUT_RETURN_TYPE = YES_ERROR;
				GCC_WARN_UNDECLARED_SELECTOR = YES;
				GCC_WARN_UNINITIALIZED_AUTOS = YES_AGGRESSIVE;
				GCC_WARN_UNUSED_FUNCTION = YES;
				GCC_WARN_UNUSED_VARIABLE = YES;
				IPHONEOS_DEPLOYMENT_TARGET = 11.4;
				MTL_ENABLE_DEBUG_INFO = YES;
				ONLY_ACTIVE_ARCH = YES;
				SDKROOT = iphoneos;
				SWIFT_ACTIVE_COMPILATION_CONDITIONS = DEBUG;
				SWIFT_OPTIMIZATION_LEVEL = "-Onone";
			};
			name = Debug;
		};
		50D04856213EA82500380CFE /* Release */ = {
			isa = XCBuildConfiguration;
			buildSettings = {
				ALWAYS_SEARCH_USER_PATHS = NO;
				CLANG_ANALYZER_NONNULL = YES;
				CLANG_ANALYZER_NUMBER_OBJECT_CONVERSION = YES_AGGRESSIVE;
				CLANG_CXX_LANGUAGE_STANDARD = "gnu++14";
				CLANG_CXX_LIBRARY = "libc++";
				CLANG_ENABLE_MODULES = YES;
				CLANG_ENABLE_OBJC_ARC = YES;
				CLANG_ENABLE_OBJC_WEAK = YES;
				CLANG_WARN_BLOCK_CAPTURE_AUTORELEASING = YES;
				CLANG_WARN_BOOL_CONVERSION = YES;
				CLANG_WARN_COMMA = YES;
				CLANG_WARN_CONSTANT_CONVERSION = YES;
				CLANG_WARN_DEPRECATED_OBJC_IMPLEMENTATIONS = YES;
				CLANG_WARN_DIRECT_OBJC_ISA_USAGE = YES_ERROR;
				CLANG_WARN_DOCUMENTATION_COMMENTS = YES;
				CLANG_WARN_EMPTY_BODY = YES;
				CLANG_WARN_ENUM_CONVERSION = YES;
				CLANG_WARN_INFINITE_RECURSION = YES;
				CLANG_WARN_INT_CONVERSION = YES;
				CLANG_WARN_NON_LITERAL_NULL_CONVERSION = YES;
				CLANG_WARN_OBJC_IMPLICIT_RETAIN_SELF = YES;
				CLANG_WARN_OBJC_LITERAL_CONVERSION = YES;
				CLANG_WARN_OBJC_ROOT_CLASS = YES_ERROR;
				CLANG_WARN_RANGE_LOOP_ANALYSIS = YES;
				CLANG_WARN_STRICT_PROTOTYPES = YES;
				CLANG_WARN_SUSPICIOUS_MOVE = YES;
				CLANG_WARN_UNGUARDED_AVAILABILITY = YES_AGGRESSIVE;
				CLANG_WARN_UNREACHABLE_CODE = YES;
				CLANG_WARN__DUPLICATE_METHOD_MATCH = YES;
				CODE_SIGN_IDENTITY = "iPhone Developer";
				COPY_PHASE_STRIP = NO;
				DEBUG_INFORMATION_FORMAT = "dwarf-with-dsym";
				ENABLE_NS_ASSERTIONS = NO;
				ENABLE_STRICT_OBJC_MSGSEND = YES;
				GCC_C_LANGUAGE_STANDARD = gnu11;
				GCC_NO_COMMON_BLOCKS = YES;
				GCC_WARN_64_TO_32_BIT_CONVERSION = YES;
				GCC_WARN_ABOUT_RETURN_TYPE = YES_ERROR;
				GCC_WARN_UNDECLARED_SELECTOR = YES;
				GCC_WARN_UNINITIALIZED_AUTOS = YES_AGGRESSIVE;
				GCC_WARN_UNUSED_FUNCTION = YES;
				GCC_WARN_UNUSED_VARIABLE = YES;
				IPHONEOS_DEPLOYMENT_TARGET = 11.4;
				MTL_ENABLE_DEBUG_INFO = NO;
				SDKROOT = iphoneos;
				SWIFT_COMPILATION_MODE = wholemodule;
				SWIFT_OPTIMIZATION_LEVEL = "-O";
				VALIDATE_PRODUCT = YES;
			};
			name = Release;
		};
		50D04858213EA82500380CFE /* Debug */ = {
			isa = XCBuildConfiguration;
			baseConfigurationReference = CC25BC8BF5B845E45453C3AE /* Pods-EcoSeoul.debug.xcconfig */;
			buildSettings = {
				ASSETCATALOG_COMPILER_APPICON_NAME = AppIcon;
				CODE_SIGN_STYLE = Automatic;
				DEVELOPMENT_TEAM = 8E3WW2RPPH;
				INFOPLIST_FILE = "$(SRCROOT)/EcoSeoul/Resources/Info.plist";
				LD_RUNPATH_SEARCH_PATHS = (
					"$(inherited)",
					"@executable_path/Frameworks",
				);
				PRODUCT_BUNDLE_IDENTIFIER = com.sopt.EcoSeoul;
				PRODUCT_NAME = "$(TARGET_NAME)";
				SWIFT_VERSION = 4.0;
				TARGETED_DEVICE_FAMILY = "1,2";
			};
			name = Debug;
		};
		50D04859213EA82500380CFE /* Release */ = {
			isa = XCBuildConfiguration;
			baseConfigurationReference = EA8101C0A24BADA8B98BC9D1 /* Pods-EcoSeoul.release.xcconfig */;
			buildSettings = {
				ASSETCATALOG_COMPILER_APPICON_NAME = AppIcon;
				CODE_SIGN_STYLE = Automatic;
				DEVELOPMENT_TEAM = 8E3WW2RPPH;
				INFOPLIST_FILE = "$(SRCROOT)/EcoSeoul/Resources/Info.plist";
				LD_RUNPATH_SEARCH_PATHS = (
					"$(inherited)",
					"@executable_path/Frameworks",
				);
				PRODUCT_BUNDLE_IDENTIFIER = com.sopt.EcoSeoul;
				PRODUCT_NAME = "$(TARGET_NAME)";
				SWIFT_VERSION = 4.0;
				TARGETED_DEVICE_FAMILY = "1,2";
			};
			name = Release;
		};
/* End XCBuildConfiguration section */

/* Begin XCConfigurationList section */
		50D04840213EA82300380CFE /* Build configuration list for PBXProject "EcoSeoul" */ = {
			isa = XCConfigurationList;
			buildConfigurations = (
				50D04855213EA82500380CFE /* Debug */,
				50D04856213EA82500380CFE /* Release */,
			);
			defaultConfigurationIsVisible = 0;
			defaultConfigurationName = Release;
		};
		50D04857213EA82500380CFE /* Build configuration list for PBXNativeTarget "EcoSeoul" */ = {
			isa = XCConfigurationList;
			buildConfigurations = (
				50D04858213EA82500380CFE /* Debug */,
				50D04859213EA82500380CFE /* Release */,
			);
			defaultConfigurationIsVisible = 0;
			defaultConfigurationName = Release;
		};
/* End XCConfigurationList section */
	};
	rootObject = 50D0483D213EA82300380CFE /* Project object */;
}
