// !$*UTF8*$!
{
	archiveVersion = 1;
	classes = {
	};
	objectVersion = 50;
	objects = {

/* Begin PBXBuildFile section */
		5023DB382147BB4E00A59B48 /* CircleView.swift in Sources */ = {isa = PBXBuildFile; fileRef = 5023DB372147BB4E00A59B48 /* CircleView.swift */; };
		5023DB3A2147BB6100A59B48 /* WaveView.swift in Sources */ = {isa = PBXBuildFile; fileRef = 5023DB392147BB6100A59B48 /* WaveView.swift */; };
		50B0CAFE21463D9900CDA7C9 /* NotoSansCJKkr-Bold.otf in Resources */ = {isa = PBXBuildFile; fileRef = 50B0CAFD21463D9000CDA7C9 /* NotoSansCJKkr-Bold.otf */; };
		50B0CAFF21463D9900CDA7C9 /* NotoSansCJKkr-Light.otf in Resources */ = {isa = PBXBuildFile; fileRef = 50B0CAFB21463D8F00CDA7C9 /* NotoSansCJKkr-Light.otf */; };
		50B0CB0021463D9900CDA7C9 /* NotoSansCJKkr-Medium.otf in Resources */ = {isa = PBXBuildFile; fileRef = 50B0CAFC21463D8F00CDA7C9 /* NotoSansCJKkr-Medium.otf */; };
		50B0CB0121463D9900CDA7C9 /* NotoSansCJKkr-Regular.otf in Resources */ = {isa = PBXBuildFile; fileRef = 50B0CAFA21463D8E00CDA7C9 /* NotoSansCJKkr-Regular.otf */; };
		50C620882146D17E0018550B /* HomePageVC.swift in Sources */ = {isa = PBXBuildFile; fileRef = 50C620872146D17E0018550B /* HomePageVC.swift */; };
		50C6208A2146D36B0018550B /* HomeDownVC.swift in Sources */ = {isa = PBXBuildFile; fileRef = 50C620892146D36B0018550B /* HomeDownVC.swift */; };
		50C6208C2146D44D0018550B /* HomeUpVC.swift in Sources */ = {isa = PBXBuildFile; fileRef = 50C6208B2146D44D0018550B /* HomeUpVC.swift */; };
		50C6208F2146DD8E0018550B /* CircleGraph.swift in Sources */ = {isa = PBXBuildFile; fileRef = 50C6208E2146DD8E0018550B /* CircleGraph.swift */; };
		50C620912146DD9D0018550B /* WaveGraph.swift in Sources */ = {isa = PBXBuildFile; fileRef = 50C620902146DD9D0018550B /* WaveGraph.swift */; };
		50C620952146E8A10018550B /* Extension.swift in Sources */ = {isa = PBXBuildFile; fileRef = 50C620942146E8A10018550B /* Extension.swift */; };
		50D04849213EA82300380CFE /* AppDelegate.swift in Sources */ = {isa = PBXBuildFile; fileRef = 50D04848213EA82300380CFE /* AppDelegate.swift */; };
		50D0484E213EA82300380CFE /* Main.storyboard in Resources */ = {isa = PBXBuildFile; fileRef = 50D0484C213EA82300380CFE /* Main.storyboard */; };
		50D04850213EA82500380CFE /* Assets.xcassets in Resources */ = {isa = PBXBuildFile; fileRef = 50D0484F213EA82500380CFE /* Assets.xcassets */; };
		50D04853213EA82500380CFE /* LaunchScreen.storyboard in Resources */ = {isa = PBXBuildFile; fileRef = 50D04851213EA82500380CFE /* LaunchScreen.storyboard */; };
		DDC879EB7E4AAE3700B6B66F /* Pods_EcoSeoul.framework in Frameworks */ = {isa = PBXBuildFile; fileRef = 53C11ED57D0D4B1F1E5CC5AC /* Pods_EcoSeoul.framework */; };
/* End PBXBuildFile section */

/* Begin PBXFileReference section */
		5023DB372147BB4E00A59B48 /* CircleView.swift */ = {isa = PBXFileReference; lastKnownFileType = sourcecode.swift; path = CircleView.swift; sourceTree = "<group>"; };
		5023DB392147BB6100A59B48 /* WaveView.swift */ = {isa = PBXFileReference; lastKnownFileType = sourcecode.swift; path = WaveView.swift; sourceTree = "<group>"; };
		50B0CAFA21463D8E00CDA7C9 /* NotoSansCJKkr-Regular.otf */ = {isa = PBXFileReference; lastKnownFileType = file; path = "NotoSansCJKkr-Regular.otf"; sourceTree = "<group>"; };
		50B0CAFB21463D8F00CDA7C9 /* NotoSansCJKkr-Light.otf */ = {isa = PBXFileReference; lastKnownFileType = file; path = "NotoSansCJKkr-Light.otf"; sourceTree = "<group>"; };
		50B0CAFC21463D8F00CDA7C9 /* NotoSansCJKkr-Medium.otf */ = {isa = PBXFileReference; lastKnownFileType = file; path = "NotoSansCJKkr-Medium.otf"; sourceTree = "<group>"; };
		50B0CAFD21463D9000CDA7C9 /* NotoSansCJKkr-Bold.otf */ = {isa = PBXFileReference; lastKnownFileType = file; path = "NotoSansCJKkr-Bold.otf"; sourceTree = "<group>"; };
		50C620872146D17E0018550B /* HomePageVC.swift */ = {isa = PBXFileReference; lastKnownFileType = sourcecode.swift; name = HomePageVC.swift; path = EcoSeoul/HomePageVC/HomePageVC.swift; sourceTree = SOURCE_ROOT; };
		50C620892146D36B0018550B /* HomeDownVC.swift */ = {isa = PBXFileReference; lastKnownFileType = sourcecode.swift; path = HomeDownVC.swift; sourceTree = "<group>"; };
		50C6208B2146D44D0018550B /* HomeUpVC.swift */ = {isa = PBXFileReference; lastKnownFileType = sourcecode.swift; path = HomeUpVC.swift; sourceTree = "<group>"; };
		50C6208E2146DD8E0018550B /* CircleGraph.swift */ = {isa = PBXFileReference; lastKnownFileType = sourcecode.swift; path = CircleGraph.swift; sourceTree = "<group>"; };
		50C620902146DD9D0018550B /* WaveGraph.swift */ = {isa = PBXFileReference; lastKnownFileType = sourcecode.swift; path = WaveGraph.swift; sourceTree = "<group>"; };
		50C620942146E8A10018550B /* Extension.swift */ = {isa = PBXFileReference; lastKnownFileType = sourcecode.swift; path = Extension.swift; sourceTree = "<group>"; };
		50D04845213EA82300380CFE /* EcoSeoul.app */ = {isa = PBXFileReference; explicitFileType = wrapper.application; includeInIndex = 0; path = EcoSeoul.app; sourceTree = BUILT_PRODUCTS_DIR; };
		50D04848213EA82300380CFE /* AppDelegate.swift */ = {isa = PBXFileReference; lastKnownFileType = sourcecode.swift; path = AppDelegate.swift; sourceTree = "<group>"; };
		50D0484D213EA82300380CFE /* Base */ = {isa = PBXFileReference; lastKnownFileType = file.storyboard; name = Base; path = Base.lproj/Main.storyboard; sourceTree = "<group>"; };
		50D0484F213EA82500380CFE /* Assets.xcassets */ = {isa = PBXFileReference; lastKnownFileType = folder.assetcatalog; path = Assets.xcassets; sourceTree = "<group>"; };
		50D04852213EA82500380CFE /* Base */ = {isa = PBXFileReference; lastKnownFileType = file.storyboard; name = Base; path = Base.lproj/LaunchScreen.storyboard; sourceTree = "<group>"; };
		50D04854213EA82500380CFE /* Info.plist */ = {isa = PBXFileReference; lastKnownFileType = text.plist.xml; path = Info.plist; sourceTree = "<group>"; };
		53C11ED57D0D4B1F1E5CC5AC /* Pods_EcoSeoul.framework */ = {isa = PBXFileReference; explicitFileType = wrapper.framework; includeInIndex = 0; path = Pods_EcoSeoul.framework; sourceTree = BUILT_PRODUCTS_DIR; };
		CC25BC8BF5B845E45453C3AE /* Pods-EcoSeoul.debug.xcconfig */ = {isa = PBXFileReference; includeInIndex = 1; lastKnownFileType = text.xcconfig; name = "Pods-EcoSeoul.debug.xcconfig"; path = "Pods/Target Support Files/Pods-EcoSeoul/Pods-EcoSeoul.debug.xcconfig"; sourceTree = "<group>"; };
		EA8101C0A24BADA8B98BC9D1 /* Pods-EcoSeoul.release.xcconfig */ = {isa = PBXFileReference; includeInIndex = 1; lastKnownFileType = text.xcconfig; name = "Pods-EcoSeoul.release.xcconfig"; path = "Pods/Target Support Files/Pods-EcoSeoul/Pods-EcoSeoul.release.xcconfig"; sourceTree = "<group>"; };
/* End PBXFileReference section */

/* Begin PBXFrameworksBuildPhase section */
		50D04842213EA82300380CFE /* Frameworks */ = {
			isa = PBXFrameworksBuildPhase;
			buildActionMask = 2147483647;
			files = (
				DDC879EB7E4AAE3700B6B66F /* Pods_EcoSeoul.framework in Frameworks */,
			);
			runOnlyForDeploymentPostprocessing = 0;
		};
/* End PBXFrameworksBuildPhase section */

/* Begin PBXGroup section */
		508BC665213F845B00486A89 /* Storyboard */ = {
			isa = PBXGroup;
			children = (
				50D04851213EA82500380CFE /* LaunchScreen.storyboard */,
				50D0484C213EA82300380CFE /* Main.storyboard */,
			);
			path = Storyboard;
			sourceTree = "<group>";
		};
		50C6208D2146DD660018550B /* HomeUp */ = {
			isa = PBXGroup;
			children = (
				50C6208B2146D44D0018550B /* HomeUpVC.swift */,
				5023DB372147BB4E00A59B48 /* CircleView.swift */,
				5023DB392147BB6100A59B48 /* WaveView.swift */,
				50C6208E2146DD8E0018550B /* CircleGraph.swift */,
				50C620902146DD9D0018550B /* WaveGraph.swift */,
			);
			path = HomeUp;
			sourceTree = "<group>";
		};
		50C620922146DE0A0018550B /* HomeDown */ = {
			isa = PBXGroup;
			children = (
				50C620892146D36B0018550B /* HomeDownVC.swift */,
			);
			path = HomeDown;
			sourceTree = "<group>";
		};
		50C620932146DE4C0018550B /* HomePageVC */ = {
			isa = PBXGroup;
			children = (
				50C620872146D17E0018550B /* HomePageVC.swift */,
			);
			path = HomePageVC;
			sourceTree = "<group>";
		};
		50D0483C213EA82300380CFE = {
			isa = PBXGroup;
			children = (
				50D04847213EA82300380CFE /* EcoSeoul */,
				50D04846213EA82300380CFE /* Products */,
				9E22B91FC8E8D910DD8E5BFE /* Pods */,
				BC4E14B604FA333A901BBF05 /* Frameworks */,
			);
			sourceTree = "<group>";
		};
		50D04846213EA82300380CFE /* Products */ = {
			isa = PBXGroup;
			children = (
				50D04845213EA82300380CFE /* EcoSeoul.app */,
			);
			name = Products;
			sourceTree = "<group>";
		};
		50D04847213EA82300380CFE /* EcoSeoul */ = {
			isa = PBXGroup;
			children = (
				50D04848213EA82300380CFE /* AppDelegate.swift */,
				508BC665213F845B00486A89 /* Storyboard */,
				50C620932146DE4C0018550B /* HomePageVC */,
				50C6208D2146DD660018550B /* HomeUp */,
				50C620922146DE0A0018550B /* HomeDown */,
				50D0485A213EECBF00380CFE /* Resources */,
				50C620942146E8A10018550B /* Extension.swift */,
			);
			path = EcoSeoul;
			sourceTree = "<group>";
		};
		50D0485A213EECBF00380CFE /* Resources */ = {
			isa = PBXGroup;
			children = (
				50D0484F213EA82500380CFE /* Assets.xcassets */,
				50D04854213EA82500380CFE /* Info.plist */,
				50B0CAFD21463D9000CDA7C9 /* NotoSansCJKkr-Bold.otf */,
				50B0CAFB21463D8F00CDA7C9 /* NotoSansCJKkr-Light.otf */,
				50B0CAFC21463D8F00CDA7C9 /* NotoSansCJKkr-Medium.otf */,
				50B0CAFA21463D8E00CDA7C9 /* NotoSansCJKkr-Regular.otf */,
			);
			path = Resources;
			sourceTree = "<group>";
		};
		9E22B91FC8E8D910DD8E5BFE /* Pods */ = {
			isa = PBXGroup;
			children = (
				CC25BC8BF5B845E45453C3AE /* Pods-EcoSeoul.debug.xcconfig */,
				EA8101C0A24BADA8B98BC9D1 /* Pods-EcoSeoul.release.xcconfig */,
			);
			name = Pods;
			sourceTree = "<group>";
		};
		BC4E14B604FA333A901BBF05 /* Frameworks */ = {
			isa = PBXGroup;
			children = (
				53C11ED57D0D4B1F1E5CC5AC /* Pods_EcoSeoul.framework */,
			);
			name = Frameworks;
			sourceTree = "<group>";
		};
/* End PBXGroup section */

/* Begin PBXNativeTarget section */
		50D04844213EA82300380CFE /* EcoSeoul */ = {
			isa = PBXNativeTarget;
			buildConfigurationList = 50D04857213EA82500380CFE /* Build configuration list for PBXNativeTarget "EcoSeoul" */;
			buildPhases = (
				C30684CE460E5B5421B1F3D0 /* [CP] Check Pods Manifest.lock */,
				50D04841213EA82300380CFE /* Sources */,
				50D04842213EA82300380CFE /* Frameworks */,
				50D04843213EA82300380CFE /* Resources */,
				F0014A14891AD35CDF673F0B /* [CP] Embed Pods Frameworks */,
				AC0709E16A35E34DB22E8D4B /* [CP] Copy Pods Resources */,
			);
			buildRules = (
			);
			dependencies = (
			);
			name = EcoSeoul;
			productName = EcoSeoul;
			productReference = 50D04845213EA82300380CFE /* EcoSeoul.app */;
			productType = "com.apple.product-type.application";
		};
/* End PBXNativeTarget section */

/* Begin PBXProject section */
		50D0483D213EA82300380CFE /* Project object */ = {
			isa = PBXProject;
			attributes = {
				LastSwiftUpdateCheck = 0940;
				LastUpgradeCheck = 0940;
				ORGANIZATIONNAME = GGOMMI;
				TargetAttributes = {
					50D04844213EA82300380CFE = {
						CreatedOnToolsVersion = 9.4.1;
					};
				};
			};
			buildConfigurationList = 50D04840213EA82300380CFE /* Build configuration list for PBXProject "EcoSeoul" */;
			compatibilityVersion = "Xcode 9.3";
			developmentRegion = en;
			hasScannedForEncodings = 0;
			knownRegions = (
				en,
				Base,
			);
			mainGroup = 50D0483C213EA82300380CFE;
			productRefGroup = 50D04846213EA82300380CFE /* Products */;
			projectDirPath = "";
			projectRoot = "";
			targets = (
				50D04844213EA82300380CFE /* EcoSeoul */,
			);
		};
/* End PBXProject section */

/* Begin PBXResourcesBuildPhase section */
		50D04843213EA82300380CFE /* Resources */ = {
			isa = PBXResourcesBuildPhase;
			buildActionMask = 2147483647;
			files = (
				50D04853213EA82500380CFE /* LaunchScreen.storyboard in Resources */,
				50D0484E213EA82300380CFE /* Main.storyboard in Resources */,
				50D04850213EA82500380CFE /* Assets.xcassets in Resources */,
				50B0CAFF21463D9900CDA7C9 /* NotoSansCJKkr-Light.otf in Resources */,
				50B0CB0121463D9900CDA7C9 /* NotoSansCJKkr-Regular.otf in Resources */,
				50B0CAFE21463D9900CDA7C9 /* NotoSansCJKkr-Bold.otf in Resources */,
				50B0CB0021463D9900CDA7C9 /* NotoSansCJKkr-Medium.otf in Resources */,
			);
			runOnlyForDeploymentPostprocessing = 0;
		};
/* End PBXResourcesBuildPhase section */

/* Begin PBXShellScriptBuildPhase section */
		AC0709E16A35E34DB22E8D4B /* [CP] Copy Pods Resources */ = {
			isa = PBXShellScriptBuildPhase;
			buildActionMask = 2147483647;
			files = (
			);
			inputPaths = (
				"${SRCROOT}/Pods/Target Support Files/Pods-EcoSeoul/Pods-EcoSeoul-resources.sh",
				"${PODS_ROOT}/GoogleMaps/Maps/Frameworks/GoogleMaps.framework/Resources/GoogleMaps.bundle",
				"${PODS_ROOT}/GooglePlaces/Frameworks/GooglePlaces.framework/Resources/GooglePlaces.bundle",
			);
			name = "[CP] Copy Pods Resources";
			outputPaths = (
				"${TARGET_BUILD_DIR}/${UNLOCALIZED_RESOURCES_FOLDER_PATH}/GoogleMaps.bundle",
				"${TARGET_BUILD_DIR}/${UNLOCALIZED_RESOURCES_FOLDER_PATH}/GooglePlaces.bundle",
			);
			runOnlyForDeploymentPostprocessing = 0;
			shellPath = /bin/sh;
			shellScript = "\"${SRCROOT}/Pods/Target Support Files/Pods-EcoSeoul/Pods-EcoSeoul-resources.sh\"\n";
			showEnvVarsInLog = 0;
		};
		C30684CE460E5B5421B1F3D0 /* [CP] Check Pods Manifest.lock */ = {
			isa = PBXShellScriptBuildPhase;
			buildActionMask = 2147483647;
			files = (
			);
			inputPaths = (
				"${PODS_PODFILE_DIR_PATH}/Podfile.lock",
				"${PODS_ROOT}/Manifest.lock",
			);
			name = "[CP] Check Pods Manifest.lock";
			outputPaths = (
				"$(DERIVED_FILE_DIR)/Pods-EcoSeoul-checkManifestLockResult.txt",
			);
			runOnlyForDeploymentPostprocessing = 0;
			shellPath = /bin/sh;
			shellScript = "diff \"${PODS_PODFILE_DIR_PATH}/Podfile.lock\" \"${PODS_ROOT}/Manifest.lock\" > /dev/null\nif [ $? != 0 ] ; then\n    # print error to STDERR\n    echo \"error: The sandbox is not in sync with the Podfile.lock. Run 'pod install' or update your CocoaPods installation.\" >&2\n    exit 1\nfi\n# This output is used by Xcode 'outputs' to avoid re-running this script phase.\necho \"SUCCESS\" > \"${SCRIPT_OUTPUT_FILE_0}\"\n";
			showEnvVarsInLog = 0;
		};
		F0014A14891AD35CDF673F0B /* [CP] Embed Pods Frameworks */ = {
			isa = PBXShellScriptBuildPhase;
			buildActionMask = 2147483647;
			files = (
			);
			inputPaths = (
				"${SRCROOT}/Pods/Target Support Files/Pods-EcoSeoul/Pods-EcoSeoul-frameworks.sh",
				"${BUILT_PRODUCTS_DIR}/Alamofire/Alamofire.framework",
				"${BUILT_PRODUCTS_DIR}/SwiftyJSON/SwiftyJSON.framework",
			);
			name = "[CP] Embed Pods Frameworks";
			outputPaths = (
				"${TARGET_BUILD_DIR}/${FRAMEWORKS_FOLDER_PATH}/Alamofire.framework",
				"${TARGET_BUILD_DIR}/${FRAMEWORKS_FOLDER_PATH}/SwiftyJSON.framework",
			);
			runOnlyForDeploymentPostprocessing = 0;
			shellPath = /bin/sh;
			shellScript = "\"${SRCROOT}/Pods/Target Support Files/Pods-EcoSeoul/Pods-EcoSeoul-frameworks.sh\"\n";
			showEnvVarsInLog = 0;
		};
/* End PBXShellScriptBuildPhase section */

/* Begin PBXSourcesBuildPhase section */
		50D04841213EA82300380CFE /* Sources */ = {
			isa = PBXSourcesBuildPhase;
			buildActionMask = 2147483647;
			files = (
				5023DB3A2147BB6100A59B48 /* WaveView.swift in Sources */,
				50C6208C2146D44D0018550B /* HomeUpVC.swift in Sources */,
				5023DB382147BB4E00A59B48 /* CircleView.swift in Sources */,
				50C6208A2146D36B0018550B /* HomeDownVC.swift in Sources */,
				50C620952146E8A10018550B /* Extension.swift in Sources */,
				50C6208F2146DD8E0018550B /* CircleGraph.swift in Sources */,
				50D04849213EA82300380CFE /* AppDelegate.swift in Sources */,
				50C620882146D17E0018550B /* HomePageVC.swift in Sources */,
				50C620912146DD9D0018550B /* WaveGraph.swift in Sources */,
			);
			runOnlyForDeploymentPostprocessing = 0;
		};
/* End PBXSourcesBuildPhase section */

/* Begin PBXVariantGroup section */
		50D0484C213EA82300380CFE /* Main.storyboard */ = {
			isa = PBXVariantGroup;
			children = (
				50D0484D213EA82300380CFE /* Base */,
			);
			name = Main.storyboard;
			sourceTree = "<group>";
		};
		50D04851213EA82500380CFE /* LaunchScreen.storyboard */ = {
			isa = PBXVariantGroup;
			children = (
				50D04852213EA82500380CFE /* Base */,
			);
			name = LaunchScreen.storyboard;
			sourceTree = "<group>";
		};
/* End PBXVariantGroup section */

/* Begin XCBuildConfiguration section */
		50D04855213EA82500380CFE /* Debug */ = {
			isa = XCBuildConfiguration;
			buildSettings = {
				ALWAYS_SEARCH_USER_PATHS = NO;
				CLANG_ANALYZER_NONNULL = YES;
				CLANG_ANALYZER_NUMBER_OBJECT_CONVERSION = YES_AGGRESSIVE;
				CLANG_CXX_LANGUAGE_STANDARD = "gnu++14";
				CLANG_CXX_LIBRARY = "libc++";
				CLANG_ENABLE_MODULES = YES;
				CLANG_ENABLE_OBJC_ARC = YES;
				CLANG_ENABLE_OBJC_WEAK = YES;
				CLANG_WARN_BLOCK_CAPTURE_AUTORELEASING = YES;
				CLANG_WARN_BOOL_CONVERSION = YES;
				CLANG_WARN_COMMA = YES;
				CLANG_WARN_CONSTANT_CONVERSION = YES;
				CLANG_WARN_DEPRECATED_OBJC_IMPLEMENTATIONS = YES;
				CLANG_WARN_DIRECT_OBJC_ISA_USAGE = YES_ERROR;
				CLANG_WARN_DOCUMENTATION_COMMENTS = YES;
				CLANG_WARN_EMPTY_BODY = YES;
				CLANG_WARN_ENUM_CONVERSION = YES;
				CLANG_WARN_INFINITE_RECURSION = YES;
				CLANG_WARN_INT_CONVERSION = YES;
				CLANG_WARN_NON_LITERAL_NULL_CONVERSION = YES;
				CLANG_WARN_OBJC_IMPLICIT_RETAIN_SELF = YES;
				CLANG_WARN_OBJC_LITERAL_CONVERSION = YES;
				CLANG_WARN_OBJC_ROOT_CLASS = YES_ERROR;
				CLANG_WARN_RANGE_LOOP_ANALYSIS = YES;
				CLANG_WARN_STRICT_PROTOTYPES = YES;
				CLANG_WARN_SUSPICIOUS_MOVE = YES;
				CLANG_WARN_UNGUARDED_AVAILABILITY = YES_AGGRESSIVE;
				CLANG_WARN_UNREACHABLE_CODE = YES;
				CLANG_WARN__DUPLICATE_METHOD_MATCH = YES;
				CODE_SIGN_IDENTITY = "iPhone Developer";
				COPY_PHASE_STRIP = NO;
				DEBUG_INFORMATION_FORMAT = dwarf;
				ENABLE_STRICT_OBJC_MSGSEND = YES;
				ENABLE_TESTABILITY = YES;
				GCC_C_LANGUAGE_STANDARD = gnu11;
				GCC_DYNAMIC_NO_PIC = NO;
				GCC_NO_COMMON_BLOCKS = YES;
				GCC_OPTIMIZATION_LEVEL = 0;
				GCC_PREPROCESSOR_DEFINITIONS = (
					"DEBUG=1",
					"$(inherited)",
				);
				GCC_WARN_64_TO_32_BIT_CONVERSION = YES;
				GCC_WARN_ABOUT_RETURN_TYPE = YES_ERROR;
				GCC_WARN_UNDECLARED_SELECTOR = YES;
				GCC_WARN_UNINITIALIZED_AUTOS = YES_AGGRESSIVE;
				GCC_WARN_UNUSED_FUNCTION = YES;
				GCC_WARN_UNUSED_VARIABLE = YES;
				IPHONEOS_DEPLOYMENT_TARGET = 11.4;
				MTL_ENABLE_DEBUG_INFO = YES;
				ONLY_ACTIVE_ARCH = YES;
				SDKROOT = iphoneos;
				SWIFT_ACTIVE_COMPILATION_CONDITIONS = DEBUG;
				SWIFT_OPTIMIZATION_LEVEL = "-Onone";
			};
			name = Debug;
		};
		50D04856213EA82500380CFE /* Release */ = {
			isa = XCBuildConfiguration;
			buildSettings = {
				ALWAYS_SEARCH_USER_PATHS = NO;
				CLANG_ANALYZER_NONNULL = YES;
				CLANG_ANALYZER_NUMBER_OBJECT_CONVERSION = YES_AGGRESSIVE;
				CLANG_CXX_LANGUAGE_STANDARD = "gnu++14";
				CLANG_CXX_LIBRARY = "libc++";
				CLANG_ENABLE_MODULES = YES;
				CLANG_ENABLE_OBJC_ARC = YES;
				CLANG_ENABLE_OBJC_WEAK = YES;
				CLANG_WARN_BLOCK_CAPTURE_AUTORELEASING = YES;
				CLANG_WARN_BOOL_CONVERSION = YES;
				CLANG_WARN_COMMA = YES;
				CLANG_WARN_CONSTANT_CONVERSION = YES;
				CLANG_WARN_DEPRECATED_OBJC_IMPLEMENTATIONS = YES;
				CLANG_WARN_DIRECT_OBJC_ISA_USAGE = YES_ERROR;
				CLANG_WARN_DOCUMENTATION_COMMENTS = YES;
				CLANG_WARN_EMPTY_BODY = YES;
				CLANG_WARN_ENUM_CONVERSION = YES;
				CLANG_WARN_INFINITE_RECURSION = YES;
				CLANG_WARN_INT_CONVERSION = YES;
				CLANG_WARN_NON_LITERAL_NULL_CONVERSION = YES;
				CLANG_WARN_OBJC_IMPLICIT_RETAIN_SELF = YES;
				CLANG_WARN_OBJC_LITERAL_CONVERSION = YES;
				CLANG_WARN_OBJC_ROOT_CLASS = YES_ERROR;
				CLANG_WARN_RANGE_LOOP_ANALYSIS = YES;
				CLANG_WARN_STRICT_PROTOTYPES = YES;
				CLANG_WARN_SUSPICIOUS_MOVE = YES;
				CLANG_WARN_UNGUARDED_AVAILABILITY = YES_AGGRESSIVE;
				CLANG_WARN_UNREACHABLE_CODE = YES;
				CLANG_WARN__DUPLICATE_METHOD_MATCH = YES;
				CODE_SIGN_IDENTITY = "iPhone Developer";
				COPY_PHASE_STRIP = NO;
				DEBUG_INFORMATION_FORMAT = "dwarf-with-dsym";
				ENABLE_NS_ASSERTIONS = NO;
				ENABLE_STRICT_OBJC_MSGSEND = YES;
				GCC_C_LANGUAGE_STANDARD = gnu11;
				GCC_NO_COMMON_BLOCKS = YES;
				GCC_WARN_64_TO_32_BIT_CONVERSION = YES;
				GCC_WARN_ABOUT_RETURN_TYPE = YES_ERROR;
				GCC_WARN_UNDECLARED_SELECTOR = YES;
				GCC_WARN_UNINITIALIZED_AUTOS = YES_AGGRESSIVE;
				GCC_WARN_UNUSED_FUNCTION = YES;
				GCC_WARN_UNUSED_VARIABLE = YES;
				IPHONEOS_DEPLOYMENT_TARGET = 11.4;
				MTL_ENABLE_DEBUG_INFO = NO;
				SDKROOT = iphoneos;
				SWIFT_COMPILATION_MODE = wholemodule;
				SWIFT_OPTIMIZATION_LEVEL = "-O";
				VALIDATE_PRODUCT = YES;
			};
			name = Release;
		};
		50D04858213EA82500380CFE /* Debug */ = {
			isa = XCBuildConfiguration;
			baseConfigurationReference = CC25BC8BF5B845E45453C3AE /* Pods-EcoSeoul.debug.xcconfig */;
			buildSettings = {
				ASSETCATALOG_COMPILER_APPICON_NAME = AppIcon;
				CODE_SIGN_STYLE = Automatic;
				DEVELOPMENT_TEAM = 8E3WW2RPPH;
				INFOPLIST_FILE = "$(SRCROOT)/EcoSeoul/Resources/Info.plist";
				LD_RUNPATH_SEARCH_PATHS = (
					"$(inherited)",
					"@executable_path/Frameworks",
				);
				PRODUCT_BUNDLE_IDENTIFIER = com.sopt.EcoSeoul;
				PRODUCT_NAME = "$(TARGET_NAME)";
				SWIFT_VERSION = 4.0;
				TARGETED_DEVICE_FAMILY = "1,2";
			};
			name = Debug;
		};
		50D04859213EA82500380CFE /* Release */ = {
			isa = XCBuildConfiguration;
			baseConfigurationReference = EA8101C0A24BADA8B98BC9D1 /* Pods-EcoSeoul.release.xcconfig */;
			buildSettings = {
				ASSETCATALOG_COMPILER_APPICON_NAME = AppIcon;
				CODE_SIGN_STYLE = Automatic;
				DEVELOPMENT_TEAM = 8E3WW2RPPH;
				INFOPLIST_FILE = "$(SRCROOT)/EcoSeoul/Resources/Info.plist";
				LD_RUNPATH_SEARCH_PATHS = (
					"$(inherited)",
					"@executable_path/Frameworks",
				);
				PRODUCT_BUNDLE_IDENTIFIER = com.sopt.EcoSeoul;
				PRODUCT_NAME = "$(TARGET_NAME)";
				SWIFT_VERSION = 4.0;
				TARGETED_DEVICE_FAMILY = "1,2";
			};
			name = Release;
		};
/* End XCBuildConfiguration section */

/* Begin XCConfigurationList section */
		50D04840213EA82300380CFE /* Build configuration list for PBXProject "EcoSeoul" */ = {
			isa = XCConfigurationList;
			buildConfigurations = (
				50D04855213EA82500380CFE /* Debug */,
				50D04856213EA82500380CFE /* Release */,
			);
			defaultConfigurationIsVisible = 0;
			defaultConfigurationName = Release;
		};
		50D04857213EA82500380CFE /* Build configuration list for PBXNativeTarget "EcoSeoul" */ = {
			isa = XCConfigurationList;
			buildConfigurations = (
				50D04858213EA82500380CFE /* Debug */,
				50D04859213EA82500380CFE /* Release */,
			);
			defaultConfigurationIsVisible = 0;
			defaultConfigurationName = Release;
		};
/* End XCConfigurationList section */
	};
	rootObject = 50D0483D213EA82300380CFE /* Project object */;
}
